// !$*UTF8*$!
{
	archiveVersion = 1;
	classes = {
	};
	objectVersion = 56;
	objects = {

/* Begin PBXBuildFile section */
		3F0273942AEAA60900C24937 /* DoubleCounterState.swift in Sources */ = {isa = PBXBuildFile; fileRef = 3F0273932AEAA60900C24937 /* DoubleCounterState.swift */; };
		3F0273962AEAA69400C24937 /* DoubleCounterAction.swift in Sources */ = {isa = PBXBuildFile; fileRef = 3F0273952AEAA69400C24937 /* DoubleCounterAction.swift */; };
		3F0273982AEAA70300C24937 /* DoubleCounterReducer.swift in Sources */ = {isa = PBXBuildFile; fileRef = 3F0273972AEAA70300C24937 /* DoubleCounterReducer.swift */; };
		3F02739F2AEABDDB00C24937 /* CounterView.swift in Sources */ = {isa = PBXBuildFile; fileRef = 3F02739E2AEABDDB00C24937 /* CounterView.swift */; };
		3F0273A12AEABDE800C24937 /* CounterState.swift in Sources */ = {isa = PBXBuildFile; fileRef = 3F0273A02AEABDE800C24937 /* CounterState.swift */; };
		3F0273A32AEABE0400C24937 /* CounterAction.swift in Sources */ = {isa = PBXBuildFile; fileRef = 3F0273A22AEABE0400C24937 /* CounterAction.swift */; };
		3F0273A52AEABE0B00C24937 /* CounterReducer.swift in Sources */ = {isa = PBXBuildFile; fileRef = 3F0273A42AEABE0B00C24937 /* CounterReducer.swift */; };
		3F0273A72AEAC67F00C24937 /* DoubleCounterView.swift in Sources */ = {isa = PBXBuildFile; fileRef = 3F0273A62AEAC67F00C24937 /* DoubleCounterView.swift */; };
		3F0F6F7E2AFB826800B730C8 /* ArticleService.swift in Sources */ = {isa = PBXBuildFile; fileRef = 3F0F6F7D2AFB826800B730C8 /* ArticleService.swift */; };
		3F0F6F802AFB827900B730C8 /* ArticleServiceImplementation.swift in Sources */ = {isa = PBXBuildFile; fileRef = 3F0F6F7F2AFB827900B730C8 /* ArticleServiceImplementation.swift */; };
		3F0F6F832AFB829C00B730C8 /* Constants.swift in Sources */ = {isa = PBXBuildFile; fileRef = 3F0F6F822AFB829C00B730C8 /* Constants.swift */; };
		3F0F6F852AFB82B200B730C8 /* WebService.swift in Sources */ = {isa = PBXBuildFile; fileRef = 3F0F6F842AFB82B200B730C8 /* WebService.swift */; };
		3F0F6F882AFB82C900B730C8 /* ArticlePlainObject.swift in Sources */ = {isa = PBXBuildFile; fileRef = 3F0F6F872AFB82C900B730C8 /* ArticlePlainObject.swift */; };
		3F0F6F8B2AFB82EB00B730C8 /* Kingfisher in Frameworks */ = {isa = PBXBuildFile; productRef = 3F0F6F8A2AFB82EB00B730C8 /* Kingfisher */; };
		3F0F6F8E2AFB831600B730C8 /* ServiceCore in Frameworks */ = {isa = PBXBuildFile; productRef = 3F0F6F8D2AFB831600B730C8 /* ServiceCore */; };
		3F0F6F912AFB833100B730C8 /* HTTPTransport in Frameworks */ = {isa = PBXBuildFile; productRef = 3F0F6F902AFB833100B730C8 /* HTTPTransport */; };
		3F0F6F962AFB85F600B730C8 /* SpaceNewsPageView.swift in Sources */ = {isa = PBXBuildFile; fileRef = 3F0F6F952AFB85F600B730C8 /* SpaceNewsPageView.swift */; };
		3F0F6F982AFB860600B730C8 /* SpaceNewsPageState.swift in Sources */ = {isa = PBXBuildFile; fileRef = 3F0F6F972AFB860600B730C8 /* SpaceNewsPageState.swift */; };
		3F0F6F9A2AFB862300B730C8 /* SpaceNewsPageAction.swift in Sources */ = {isa = PBXBuildFile; fileRef = 3F0F6F992AFB862300B730C8 /* SpaceNewsPageAction.swift */; };
		3F0F6F9C2AFB863500B730C8 /* SpaceNewsPageReducer.swift in Sources */ = {isa = PBXBuildFile; fileRef = 3F0F6F9B2AFB863500B730C8 /* SpaceNewsPageReducer.swift */; };
		3F0F6F9F2AFB866600B730C8 /* SpaceNewsListItemView.swift in Sources */ = {isa = PBXBuildFile; fileRef = 3F0F6F9E2AFB866600B730C8 /* SpaceNewsListItemView.swift */; };
		3F0F6FA12AFB867A00B730C8 /* SpaceNewsListItemState.swift in Sources */ = {isa = PBXBuildFile; fileRef = 3F0F6FA02AFB867A00B730C8 /* SpaceNewsListItemState.swift */; };
		3F0F6FA32AFB868000B730C8 /* SpaceNewsListItemAction.swift in Sources */ = {isa = PBXBuildFile; fileRef = 3F0F6FA22AFB868000B730C8 /* SpaceNewsListItemAction.swift */; };
		3F0F6FA52AFB868500B730C8 /* SpaceNewsListItemReducer.swift in Sources */ = {isa = PBXBuildFile; fileRef = 3F0F6FA42AFB868500B730C8 /* SpaceNewsListItemReducer.swift */; };
		3F0F6FA72AFB86B800B730C8 /* SpaceNewsListView.swift in Sources */ = {isa = PBXBuildFile; fileRef = 3F0F6FA62AFB86B800B730C8 /* SpaceNewsListView.swift */; };
		3F0F6FA92AFB86BF00B730C8 /* SpaceNewsListState.swift in Sources */ = {isa = PBXBuildFile; fileRef = 3F0F6FA82AFB86BF00B730C8 /* SpaceNewsListState.swift */; };
		3F0F6FAB2AFB86C500B730C8 /* SpaceNewsListAction.swift in Sources */ = {isa = PBXBuildFile; fileRef = 3F0F6FAA2AFB86C500B730C8 /* SpaceNewsListAction.swift */; };
		3F0F6FAD2AFB86CB00B730C8 /* SpaceNewsListReducer.swift in Sources */ = {isa = PBXBuildFile; fileRef = 3F0F6FAC2AFB86CB00B730C8 /* SpaceNewsListReducer.swift */; };
		3F281A862AE98F9600C6417E /* TasksTCAApp.swift in Sources */ = {isa = PBXBuildFile; fileRef = 3F281A852AE98F9600C6417E /* TasksTCAApp.swift */; };
		3F281A8A2AE98F9700C6417E /* Assets.xcassets in Resources */ = {isa = PBXBuildFile; fileRef = 3F281A892AE98F9700C6417E /* Assets.xcassets */; };
		3F281A8D2AE98F9700C6417E /* Preview Assets.xcassets in Resources */ = {isa = PBXBuildFile; fileRef = 3F281A8C2AE98F9700C6417E /* Preview Assets.xcassets */; };
		3F281A9B2AE98FF400C6417E /* FibonacciCounterView.swift in Sources */ = {isa = PBXBuildFile; fileRef = 3F281A9A2AE98FF400C6417E /* FibonacciCounterView.swift */; };
		3F281A9D2AE98FFF00C6417E /* FibonacciCounterState.swift in Sources */ = {isa = PBXBuildFile; fileRef = 3F281A9C2AE98FFF00C6417E /* FibonacciCounterState.swift */; };
		3F281A9F2AE9900800C6417E /* FibonacciCounterReducer.swift in Sources */ = {isa = PBXBuildFile; fileRef = 3F281A9E2AE9900800C6417E /* FibonacciCounterReducer.swift */; };
		3F281AA12AE9901100C6417E /* FibonacciCounterAction.swift in Sources */ = {isa = PBXBuildFile; fileRef = 3F281AA02AE9901100C6417E /* FibonacciCounterAction.swift */; };
		3F6A1A232AED239500CBC3E0 /* BindingsView.swift in Sources */ = {isa = PBXBuildFile; fileRef = 3F6A1A222AED239500CBC3E0 /* BindingsView.swift */; };
		3F6A1A252AED23A900CBC3E0 /* BindingsState.swift in Sources */ = {isa = PBXBuildFile; fileRef = 3F6A1A242AED23A900CBC3E0 /* BindingsState.swift */; };
		3F6A1A272AED23B100CBC3E0 /* BindingsAction.swift in Sources */ = {isa = PBXBuildFile; fileRef = 3F6A1A262AED23B100CBC3E0 /* BindingsAction.swift */; };
		3F6A1A292AED23BE00CBC3E0 /* BindingsReducer.swift in Sources */ = {isa = PBXBuildFile; fileRef = 3F6A1A282AED23BE00CBC3E0 /* BindingsReducer.swift */; };
		3F91AAD22AE99A2700342273 /* Color.swift in Sources */ = {isa = PBXBuildFile; fileRef = 3F91AAD12AE99A2700342273 /* Color.swift */; };
		3FAF705C2AF3B9C40033A7E5 /* InteractiveListView.swift in Sources */ = {isa = PBXBuildFile; fileRef = 3FAF705B2AF3B9C40033A7E5 /* InteractiveListView.swift */; };
		3FAF705E2AF3B9CD0033A7E5 /* InteractiveListState.swift in Sources */ = {isa = PBXBuildFile; fileRef = 3FAF705D2AF3B9CD0033A7E5 /* InteractiveListState.swift */; };
		3FAF70602AF3B9DA0033A7E5 /* InteractiveListAction.swift in Sources */ = {isa = PBXBuildFile; fileRef = 3FAF705F2AF3B9DA0033A7E5 /* InteractiveListAction.swift */; };
		3FAF70622AF3B9E60033A7E5 /* InteractiveListReducer.swift in Sources */ = {isa = PBXBuildFile; fileRef = 3FAF70612AF3B9E60033A7E5 /* InteractiveListReducer.swift */; };
		3FAF70642AF3B9FE0033A7E5 /* InteractiveListItemView.swift in Sources */ = {isa = PBXBuildFile; fileRef = 3FAF70632AF3B9FE0033A7E5 /* InteractiveListItemView.swift */; };
		3FAF70662AF3BA0C0033A7E5 /* InteractiveListItemState.swift in Sources */ = {isa = PBXBuildFile; fileRef = 3FAF70652AF3BA0C0033A7E5 /* InteractiveListItemState.swift */; };
		3FAF70682AF3BA160033A7E5 /* InteractiveListItemAction.swift in Sources */ = {isa = PBXBuildFile; fileRef = 3FAF70672AF3BA160033A7E5 /* InteractiveListItemAction.swift */; };
		3FAF706A2AF3BA210033A7E5 /* InteractiveListItemReducer.swift in Sources */ = {isa = PBXBuildFile; fileRef = 3FAF70692AF3BA210033A7E5 /* InteractiveListItemReducer.swift */; };
		3FC93EFB2AF0194B0081F411 /* ComposableArchitecture in Frameworks */ = {isa = PBXBuildFile; productRef = 3FC93EFA2AF0194B0081F411 /* ComposableArchitecture */; };
		3FC93EFE2AF01ECC0081F411 /* MainView.swift in Sources */ = {isa = PBXBuildFile; fileRef = 3FC93EFD2AF01ECC0081F411 /* MainView.swift */; };
		3FC93F002AF01ED80081F411 /* MainState.swift in Sources */ = {isa = PBXBuildFile; fileRef = 3FC93EFF2AF01ED80081F411 /* MainState.swift */; };
		3FC93F022AF01EE30081F411 /* MainAction.swift in Sources */ = {isa = PBXBuildFile; fileRef = 3FC93F012AF01EE30081F411 /* MainAction.swift */; };
		3FC93F042AF01EED0081F411 /* MainReducer.swift in Sources */ = {isa = PBXBuildFile; fileRef = 3FC93F032AF01EED0081F411 /* MainReducer.swift */; };
/* End PBXBuildFile section */

/* Begin PBXFileReference section */
		3F0273932AEAA60900C24937 /* DoubleCounterState.swift */ = {isa = PBXFileReference; lastKnownFileType = sourcecode.swift; path = DoubleCounterState.swift; sourceTree = "<group>"; };
		3F0273952AEAA69400C24937 /* DoubleCounterAction.swift */ = {isa = PBXFileReference; lastKnownFileType = sourcecode.swift; path = DoubleCounterAction.swift; sourceTree = "<group>"; };
		3F0273972AEAA70300C24937 /* DoubleCounterReducer.swift */ = {isa = PBXFileReference; lastKnownFileType = sourcecode.swift; path = DoubleCounterReducer.swift; sourceTree = "<group>"; };
		3F02739E2AEABDDB00C24937 /* CounterView.swift */ = {isa = PBXFileReference; lastKnownFileType = sourcecode.swift; path = CounterView.swift; sourceTree = "<group>"; };
		3F0273A02AEABDE800C24937 /* CounterState.swift */ = {isa = PBXFileReference; lastKnownFileType = sourcecode.swift; path = CounterState.swift; sourceTree = "<group>"; };
		3F0273A22AEABE0400C24937 /* CounterAction.swift */ = {isa = PBXFileReference; lastKnownFileType = sourcecode.swift; path = CounterAction.swift; sourceTree = "<group>"; };
		3F0273A42AEABE0B00C24937 /* CounterReducer.swift */ = {isa = PBXFileReference; lastKnownFileType = sourcecode.swift; path = CounterReducer.swift; sourceTree = "<group>"; };
		3F0273A62AEAC67F00C24937 /* DoubleCounterView.swift */ = {isa = PBXFileReference; lastKnownFileType = sourcecode.swift; path = DoubleCounterView.swift; sourceTree = "<group>"; };
		3F0F6F7D2AFB826800B730C8 /* ArticleService.swift */ = {isa = PBXFileReference; lastKnownFileType = sourcecode.swift; path = ArticleService.swift; sourceTree = "<group>"; };
		3F0F6F7F2AFB827900B730C8 /* ArticleServiceImplementation.swift */ = {isa = PBXFileReference; lastKnownFileType = sourcecode.swift; path = ArticleServiceImplementation.swift; sourceTree = "<group>"; };
		3F0F6F822AFB829C00B730C8 /* Constants.swift */ = {isa = PBXFileReference; lastKnownFileType = sourcecode.swift; path = Constants.swift; sourceTree = "<group>"; };
		3F0F6F842AFB82B200B730C8 /* WebService.swift */ = {isa = PBXFileReference; lastKnownFileType = sourcecode.swift; path = WebService.swift; sourceTree = "<group>"; };
		3F0F6F872AFB82C900B730C8 /* ArticlePlainObject.swift */ = {isa = PBXFileReference; lastKnownFileType = sourcecode.swift; path = ArticlePlainObject.swift; sourceTree = "<group>"; };
		3F0F6F952AFB85F600B730C8 /* SpaceNewsPageView.swift */ = {isa = PBXFileReference; lastKnownFileType = sourcecode.swift; path = SpaceNewsPageView.swift; sourceTree = "<group>"; };
		3F0F6F972AFB860600B730C8 /* SpaceNewsPageState.swift */ = {isa = PBXFileReference; lastKnownFileType = sourcecode.swift; path = SpaceNewsPageState.swift; sourceTree = "<group>"; };
		3F0F6F992AFB862300B730C8 /* SpaceNewsPageAction.swift */ = {isa = PBXFileReference; lastKnownFileType = sourcecode.swift; path = SpaceNewsPageAction.swift; sourceTree = "<group>"; };
		3F0F6F9B2AFB863500B730C8 /* SpaceNewsPageReducer.swift */ = {isa = PBXFileReference; lastKnownFileType = sourcecode.swift; path = SpaceNewsPageReducer.swift; sourceTree = "<group>"; };
		3F0F6F9E2AFB866600B730C8 /* SpaceNewsListItemView.swift */ = {isa = PBXFileReference; lastKnownFileType = sourcecode.swift; path = SpaceNewsListItemView.swift; sourceTree = "<group>"; };
		3F0F6FA02AFB867A00B730C8 /* SpaceNewsListItemState.swift */ = {isa = PBXFileReference; lastKnownFileType = sourcecode.swift; path = SpaceNewsListItemState.swift; sourceTree = "<group>"; };
		3F0F6FA22AFB868000B730C8 /* SpaceNewsListItemAction.swift */ = {isa = PBXFileReference; lastKnownFileType = sourcecode.swift; path = SpaceNewsListItemAction.swift; sourceTree = "<group>"; };
		3F0F6FA42AFB868500B730C8 /* SpaceNewsListItemReducer.swift */ = {isa = PBXFileReference; lastKnownFileType = sourcecode.swift; path = SpaceNewsListItemReducer.swift; sourceTree = "<group>"; };
		3F0F6FA62AFB86B800B730C8 /* SpaceNewsListView.swift */ = {isa = PBXFileReference; lastKnownFileType = sourcecode.swift; path = SpaceNewsListView.swift; sourceTree = "<group>"; };
		3F0F6FA82AFB86BF00B730C8 /* SpaceNewsListState.swift */ = {isa = PBXFileReference; lastKnownFileType = sourcecode.swift; path = SpaceNewsListState.swift; sourceTree = "<group>"; };
		3F0F6FAA2AFB86C500B730C8 /* SpaceNewsListAction.swift */ = {isa = PBXFileReference; lastKnownFileType = sourcecode.swift; path = SpaceNewsListAction.swift; sourceTree = "<group>"; };
		3F0F6FAC2AFB86CB00B730C8 /* SpaceNewsListReducer.swift */ = {isa = PBXFileReference; lastKnownFileType = sourcecode.swift; path = SpaceNewsListReducer.swift; sourceTree = "<group>"; };
		3F281A822AE98F9600C6417E /* TasksTCA.app */ = {isa = PBXFileReference; explicitFileType = wrapper.application; includeInIndex = 0; path = TasksTCA.app; sourceTree = BUILT_PRODUCTS_DIR; };
		3F281A852AE98F9600C6417E /* TasksTCAApp.swift */ = {isa = PBXFileReference; lastKnownFileType = sourcecode.swift; path = TasksTCAApp.swift; sourceTree = "<group>"; };
		3F281A892AE98F9700C6417E /* Assets.xcassets */ = {isa = PBXFileReference; lastKnownFileType = folder.assetcatalog; path = Assets.xcassets; sourceTree = "<group>"; };
		3F281A8C2AE98F9700C6417E /* Preview Assets.xcassets */ = {isa = PBXFileReference; lastKnownFileType = folder.assetcatalog; path = "Preview Assets.xcassets"; sourceTree = "<group>"; };
		3F281A9A2AE98FF400C6417E /* FibonacciCounterView.swift */ = {isa = PBXFileReference; lastKnownFileType = sourcecode.swift; path = FibonacciCounterView.swift; sourceTree = "<group>"; };
		3F281A9C2AE98FFF00C6417E /* FibonacciCounterState.swift */ = {isa = PBXFileReference; lastKnownFileType = sourcecode.swift; path = FibonacciCounterState.swift; sourceTree = "<group>"; };
		3F281A9E2AE9900800C6417E /* FibonacciCounterReducer.swift */ = {isa = PBXFileReference; lastKnownFileType = sourcecode.swift; path = FibonacciCounterReducer.swift; sourceTree = "<group>"; };
		3F281AA02AE9901100C6417E /* FibonacciCounterAction.swift */ = {isa = PBXFileReference; lastKnownFileType = sourcecode.swift; path = FibonacciCounterAction.swift; sourceTree = "<group>"; };
		3F6A1A222AED239500CBC3E0 /* BindingsView.swift */ = {isa = PBXFileReference; lastKnownFileType = sourcecode.swift; path = BindingsView.swift; sourceTree = "<group>"; };
		3F6A1A242AED23A900CBC3E0 /* BindingsState.swift */ = {isa = PBXFileReference; lastKnownFileType = sourcecode.swift; path = BindingsState.swift; sourceTree = "<group>"; };
		3F6A1A262AED23B100CBC3E0 /* BindingsAction.swift */ = {isa = PBXFileReference; lastKnownFileType = sourcecode.swift; path = BindingsAction.swift; sourceTree = "<group>"; };
		3F6A1A282AED23BE00CBC3E0 /* BindingsReducer.swift */ = {isa = PBXFileReference; lastKnownFileType = sourcecode.swift; path = BindingsReducer.swift; sourceTree = "<group>"; };
		3F91AAD12AE99A2700342273 /* Color.swift */ = {isa = PBXFileReference; lastKnownFileType = sourcecode.swift; path = Color.swift; sourceTree = "<group>"; };
		3FAF705B2AF3B9C40033A7E5 /* InteractiveListView.swift */ = {isa = PBXFileReference; lastKnownFileType = sourcecode.swift; path = InteractiveListView.swift; sourceTree = "<group>"; };
		3FAF705D2AF3B9CD0033A7E5 /* InteractiveListState.swift */ = {isa = PBXFileReference; lastKnownFileType = sourcecode.swift; path = InteractiveListState.swift; sourceTree = "<group>"; };
		3FAF705F2AF3B9DA0033A7E5 /* InteractiveListAction.swift */ = {isa = PBXFileReference; lastKnownFileType = sourcecode.swift; path = InteractiveListAction.swift; sourceTree = "<group>"; };
		3FAF70612AF3B9E60033A7E5 /* InteractiveListReducer.swift */ = {isa = PBXFileReference; lastKnownFileType = sourcecode.swift; path = InteractiveListReducer.swift; sourceTree = "<group>"; };
		3FAF70632AF3B9FE0033A7E5 /* InteractiveListItemView.swift */ = {isa = PBXFileReference; lastKnownFileType = sourcecode.swift; path = InteractiveListItemView.swift; sourceTree = "<group>"; };
		3FAF70652AF3BA0C0033A7E5 /* InteractiveListItemState.swift */ = {isa = PBXFileReference; lastKnownFileType = sourcecode.swift; path = InteractiveListItemState.swift; sourceTree = "<group>"; };
		3FAF70672AF3BA160033A7E5 /* InteractiveListItemAction.swift */ = {isa = PBXFileReference; lastKnownFileType = sourcecode.swift; path = InteractiveListItemAction.swift; sourceTree = "<group>"; };
		3FAF70692AF3BA210033A7E5 /* InteractiveListItemReducer.swift */ = {isa = PBXFileReference; lastKnownFileType = sourcecode.swift; path = InteractiveListItemReducer.swift; sourceTree = "<group>"; };
		3FC93EFD2AF01ECC0081F411 /* MainView.swift */ = {isa = PBXFileReference; lastKnownFileType = sourcecode.swift; path = MainView.swift; sourceTree = "<group>"; };
		3FC93EFF2AF01ED80081F411 /* MainState.swift */ = {isa = PBXFileReference; lastKnownFileType = sourcecode.swift; path = MainState.swift; sourceTree = "<group>"; };
		3FC93F012AF01EE30081F411 /* MainAction.swift */ = {isa = PBXFileReference; lastKnownFileType = sourcecode.swift; path = MainAction.swift; sourceTree = "<group>"; };
		3FC93F032AF01EED0081F411 /* MainReducer.swift */ = {isa = PBXFileReference; lastKnownFileType = sourcecode.swift; path = MainReducer.swift; sourceTree = "<group>"; };
/* End PBXFileReference section */

/* Begin PBXFrameworksBuildPhase section */
		3F281A7F2AE98F9600C6417E /* Frameworks */ = {
			isa = PBXFrameworksBuildPhase;
			buildActionMask = 2147483647;
			files = (
				3F0F6F8B2AFB82EB00B730C8 /* Kingfisher in Frameworks */,
				3F0F6F8E2AFB831600B730C8 /* ServiceCore in Frameworks */,
				3F0F6F912AFB833100B730C8 /* HTTPTransport in Frameworks */,
				3FC93EFB2AF0194B0081F411 /* ComposableArchitecture in Frameworks */,
			);
			runOnlyForDeploymentPostprocessing = 0;
		};
/* End PBXFrameworksBuildPhase section */

/* Begin PBXGroup section */
		3F0273882AEA9DD600C24937 /* PresentationLayer */ = {
			isa = PBXGroup;
			children = (
				3F0273892AEA9DDE00C24937 /* UserStories */,
			);
			path = PresentationLayer;
			sourceTree = "<group>";
		};
		3F0273892AEA9DDE00C24937 /* UserStories */ = {
			isa = PBXGroup;
			children = (
				3F0F6F922AFB85BC00B730C8 /* SpaceNews */,
				3FC93EFC2AF01EB40081F411 /* MainModule */,
				3F281A982AE98FE100C6417E /* Beginner */,
			);
			path = UserStories;
			sourceTree = "<group>";
		};
		3F02738E2AEAA41800C24937 /* DoubleCounter */ = {
			isa = PBXGroup;
			children = (
				3F0273A62AEAC67F00C24937 /* DoubleCounterView.swift */,
				3F0273932AEAA60900C24937 /* DoubleCounterState.swift */,
				3F0273952AEAA69400C24937 /* DoubleCounterAction.swift */,
				3F0273972AEAA70300C24937 /* DoubleCounterReducer.swift */,
			);
			path = DoubleCounter;
			sourceTree = "<group>";
		};
		3F0273992AEABDB000C24937 /* Counter */ = {
			isa = PBXGroup;
			children = (
				3F02739E2AEABDDB00C24937 /* CounterView.swift */,
				3F0273A02AEABDE800C24937 /* CounterState.swift */,
				3F0273A22AEABE0400C24937 /* CounterAction.swift */,
				3F0273A42AEABE0B00C24937 /* CounterReducer.swift */,
			);
			path = Counter;
			sourceTree = "<group>";
		};
		3F0F6F7A2AFB823B00B730C8 /* BusinessLayer */ = {
			isa = PBXGroup;
			children = (
				3F0F6F7B2AFB824D00B730C8 /* Services */,
			);
			path = BusinessLayer;
			sourceTree = "<group>";
		};
		3F0F6F7B2AFB824D00B730C8 /* Services */ = {
			isa = PBXGroup;
			children = (
				3F0F6F7D2AFB826800B730C8 /* ArticleService.swift */,
				3F0F6F7F2AFB827900B730C8 /* ArticleServiceImplementation.swift */,
			);
			path = Services;
			sourceTree = "<group>";
		};
		3F0F6F812AFB828E00B730C8 /* Constants */ = {
			isa = PBXGroup;
			children = (
				3F0F6F822AFB829C00B730C8 /* Constants.swift */,
			);
			path = Constants;
			sourceTree = "<group>";
		};
		3F0F6F862AFB82B800B730C8 /* Models */ = {
			isa = PBXGroup;
			children = (
				3F0F6F872AFB82C900B730C8 /* ArticlePlainObject.swift */,
			);
			path = Models;
			sourceTree = "<group>";
		};
		3F0F6F922AFB85BC00B730C8 /* SpaceNews */ = {
			isa = PBXGroup;
			children = (
				3F0F6F942AFB85E200B730C8 /* SpaceNewsList */,
				3F0F6F932AFB85DC00B730C8 /* SpaceNewsPage */,
			);
			path = SpaceNews;
			sourceTree = "<group>";
		};
		3F0F6F932AFB85DC00B730C8 /* SpaceNewsPage */ = {
			isa = PBXGroup;
			children = (
				3F0F6F952AFB85F600B730C8 /* SpaceNewsPageView.swift */,
				3F0F6F972AFB860600B730C8 /* SpaceNewsPageState.swift */,
				3F0F6F992AFB862300B730C8 /* SpaceNewsPageAction.swift */,
				3F0F6F9B2AFB863500B730C8 /* SpaceNewsPageReducer.swift */,
			);
			path = SpaceNewsPage;
			sourceTree = "<group>";
		};
		3F0F6F942AFB85E200B730C8 /* SpaceNewsList */ = {
			isa = PBXGroup;
			children = (
				3F0F6F9D2AFB864600B730C8 /* SpaceNewsListItem */,
				3F0F6FA62AFB86B800B730C8 /* SpaceNewsListView.swift */,
				3F0F6FA82AFB86BF00B730C8 /* SpaceNewsListState.swift */,
				3F0F6FAA2AFB86C500B730C8 /* SpaceNewsListAction.swift */,
				3F0F6FAC2AFB86CB00B730C8 /* SpaceNewsListReducer.swift */,
			);
			path = SpaceNewsList;
			sourceTree = "<group>";
		};
		3F0F6F9D2AFB864600B730C8 /* SpaceNewsListItem */ = {
			isa = PBXGroup;
			children = (
				3F0F6F9E2AFB866600B730C8 /* SpaceNewsListItemView.swift */,
				3F0F6FA02AFB867A00B730C8 /* SpaceNewsListItemState.swift */,
				3F0F6FA22AFB868000B730C8 /* SpaceNewsListItemAction.swift */,
				3F0F6FA42AFB868500B730C8 /* SpaceNewsListItemReducer.swift */,
			);
			path = SpaceNewsListItem;
			sourceTree = "<group>";
		};
		3F2814732AEFC0A3000B6F2E /* Application */ = {
			isa = PBXGroup;
			children = (
				3F4F0A762AEBABCF00D4BB41 /* ApplicationLayer */,
				3F0F6F7A2AFB823B00B730C8 /* BusinessLayer */,
				3F0273882AEA9DD600C24937 /* PresentationLayer */,
				3F91AACF2AE99A0500342273 /* Common */,
				3F0F6F862AFB82B800B730C8 /* Models */,
			);
			path = Application;
			sourceTree = "<group>";
		};
		3F281A792AE98F9600C6417E = {
			isa = PBXGroup;
			children = (
				3F281A842AE98F9600C6417E /* TasksTCA */,
				3F281A832AE98F9600C6417E /* Products */,
			);
			sourceTree = "<group>";
		};
		3F281A832AE98F9600C6417E /* Products */ = {
			isa = PBXGroup;
			children = (
				3F281A822AE98F9600C6417E /* TasksTCA.app */,
			);
			name = Products;
			sourceTree = "<group>";
		};
		3F281A842AE98F9600C6417E /* TasksTCA */ = {
			isa = PBXGroup;
			children = (
				3F2814732AEFC0A3000B6F2E /* Application */,
				3F91AACD2AE9988500342273 /* Resources */,
			);
			path = TasksTCA;
			sourceTree = "<group>";
		};
		3F281A8B2AE98F9700C6417E /* Preview Content */ = {
			isa = PBXGroup;
			children = (
				3F281A892AE98F9700C6417E /* Assets.xcassets */,
				3F281A8C2AE98F9700C6417E /* Preview Assets.xcassets */,
			);
			path = "Preview Content";
			sourceTree = "<group>";
		};
		3F281A982AE98FE100C6417E /* Beginner */ = {
			isa = PBXGroup;
			children = (
				3F0273992AEABDB000C24937 /* Counter */,
				3F281A992AE98FE800C6417E /* FibonacciCounter */,
				3F02738E2AEAA41800C24937 /* DoubleCounter */,
				3F6A1A212AED238200CBC3E0 /* Bindings */,
				3FAF70592AF3B9A10033A7E5 /* InteractiveList */,
			);
			path = Beginner;
			sourceTree = "<group>";
		};
		3F281A992AE98FE800C6417E /* FibonacciCounter */ = {
			isa = PBXGroup;
			children = (
				3F281A9A2AE98FF400C6417E /* FibonacciCounterView.swift */,
				3F281A9C2AE98FFF00C6417E /* FibonacciCounterState.swift */,
				3F281AA02AE9901100C6417E /* FibonacciCounterAction.swift */,
				3F281A9E2AE9900800C6417E /* FibonacciCounterReducer.swift */,
			);
			path = FibonacciCounter;
			sourceTree = "<group>";
		};
		3F4F0A762AEBABCF00D4BB41 /* ApplicationLayer */ = {
			isa = PBXGroup;
			children = (
				3F281A852AE98F9600C6417E /* TasksTCAApp.swift */,
			);
			path = ApplicationLayer;
			sourceTree = "<group>";
		};
		3F6A1A212AED238200CBC3E0 /* Bindings */ = {
			isa = PBXGroup;
			children = (
				3F6A1A222AED239500CBC3E0 /* BindingsView.swift */,
				3F6A1A242AED23A900CBC3E0 /* BindingsState.swift */,
				3F6A1A262AED23B100CBC3E0 /* BindingsAction.swift */,
				3F6A1A282AED23BE00CBC3E0 /* BindingsReducer.swift */,
			);
			path = Bindings;
			sourceTree = "<group>";
		};
		3F91AACD2AE9988500342273 /* Resources */ = {
			isa = PBXGroup;
			children = (
				3F281A8B2AE98F9700C6417E /* Preview Content */,
			);
			path = Resources;
			sourceTree = "<group>";
		};
		3F91AACF2AE99A0500342273 /* Common */ = {
			isa = PBXGroup;
			children = (
				3F0F6F812AFB828E00B730C8 /* Constants */,
				3F91AAD02AE99A1800342273 /* Extensions */,
			);
			path = Common;
			sourceTree = "<group>";
		};
		3F91AAD02AE99A1800342273 /* Extensions */ = {
			isa = PBXGroup;
			children = (
				3F91AAD12AE99A2700342273 /* Color.swift */,
				3F0F6F842AFB82B200B730C8 /* WebService.swift */,
			);
			path = Extensions;
			sourceTree = "<group>";
		};
		3FAF70592AF3B9A10033A7E5 /* InteractiveList */ = {
			isa = PBXGroup;
			children = (
				3FAF705A2AF3B9B10033A7E5 /* InteractiveListItem */,
				3FAF705B2AF3B9C40033A7E5 /* InteractiveListView.swift */,
				3FAF705D2AF3B9CD0033A7E5 /* InteractiveListState.swift */,
				3FAF705F2AF3B9DA0033A7E5 /* InteractiveListAction.swift */,
				3FAF70612AF3B9E60033A7E5 /* InteractiveListReducer.swift */,
			);
			path = InteractiveList;
			sourceTree = "<group>";
		};
		3FAF705A2AF3B9B10033A7E5 /* InteractiveListItem */ = {
			isa = PBXGroup;
			children = (
				3FAF70632AF3B9FE0033A7E5 /* InteractiveListItemView.swift */,
				3FAF70652AF3BA0C0033A7E5 /* InteractiveListItemState.swift */,
				3FAF70672AF3BA160033A7E5 /* InteractiveListItemAction.swift */,
				3FAF70692AF3BA210033A7E5 /* InteractiveListItemReducer.swift */,
			);
			path = InteractiveListItem;
			sourceTree = "<group>";
		};
		3FC93EFC2AF01EB40081F411 /* MainModule */ = {
			isa = PBXGroup;
			children = (
				3FC93EFD2AF01ECC0081F411 /* MainView.swift */,
				3FC93EFF2AF01ED80081F411 /* MainState.swift */,
				3FC93F012AF01EE30081F411 /* MainAction.swift */,
				3FC93F032AF01EED0081F411 /* MainReducer.swift */,
			);
			path = MainModule;
			sourceTree = "<group>";
		};
/* End PBXGroup section */

/* Begin PBXNativeTarget section */
		3F281A812AE98F9600C6417E /* TasksTCA */ = {
			isa = PBXNativeTarget;
			buildConfigurationList = 3F281A902AE98F9700C6417E /* Build configuration list for PBXNativeTarget "TasksTCA" */;
			buildPhases = (
				3F281A7E2AE98F9600C6417E /* Sources */,
				3F281A7F2AE98F9600C6417E /* Frameworks */,
				3F281A802AE98F9600C6417E /* Resources */,
			);
			buildRules = (
			);
			dependencies = (
			);
			name = TasksTCA;
			packageProductDependencies = (
				3FC93EFA2AF0194B0081F411 /* ComposableArchitecture */,
				3F0F6F8A2AFB82EB00B730C8 /* Kingfisher */,
				3F0F6F8D2AFB831600B730C8 /* ServiceCore */,
				3F0F6F902AFB833100B730C8 /* HTTPTransport */,
			);
			productName = TasksTCA;
			productReference = 3F281A822AE98F9600C6417E /* TasksTCA.app */;
			productType = "com.apple.product-type.application";
		};
/* End PBXNativeTarget section */

/* Begin PBXProject section */
		3F281A7A2AE98F9600C6417E /* Project object */ = {
			isa = PBXProject;
			attributes = {
				BuildIndependentTargetsInParallel = 1;
				LastSwiftUpdateCheck = 1430;
				LastUpgradeCheck = 1430;
				TargetAttributes = {
					3F281A812AE98F9600C6417E = {
						CreatedOnToolsVersion = 14.3;
					};
				};
			};
			buildConfigurationList = 3F281A7D2AE98F9600C6417E /* Build configuration list for PBXProject "TasksTCA" */;
			compatibilityVersion = "Xcode 14.0";
			developmentRegion = en;
			hasScannedForEncodings = 0;
			knownRegions = (
				en,
				Base,
			);
			mainGroup = 3F281A792AE98F9600C6417E;
			packageReferences = (
				3FC93EF92AF0194B0081F411 /* XCRemoteSwiftPackageReference "TCA" */,
				3F0F6F892AFB82EB00B730C8 /* XCRemoteSwiftPackageReference "Kingfisher" */,
				3F0F6F8C2AFB831600B730C8 /* XCRemoteSwiftPackageReference "service-core" */,
				3F0F6F8F2AFB833100B730C8 /* XCRemoteSwiftPackageReference "http-transport" */,
			);
			productRefGroup = 3F281A832AE98F9600C6417E /* Products */;
			projectDirPath = "";
			projectRoot = "";
			targets = (
				3F281A812AE98F9600C6417E /* TasksTCA */,
			);
		};
/* End PBXProject section */

/* Begin PBXResourcesBuildPhase section */
		3F281A802AE98F9600C6417E /* Resources */ = {
			isa = PBXResourcesBuildPhase;
			buildActionMask = 2147483647;
			files = (
				3F281A8D2AE98F9700C6417E /* Preview Assets.xcassets in Resources */,
				3F281A8A2AE98F9700C6417E /* Assets.xcassets in Resources */,
			);
			runOnlyForDeploymentPostprocessing = 0;
		};
/* End PBXResourcesBuildPhase section */

/* Begin PBXSourcesBuildPhase section */
		3F281A7E2AE98F9600C6417E /* Sources */ = {
			isa = PBXSourcesBuildPhase;
			buildActionMask = 2147483647;
			files = (
				3F6A1A232AED239500CBC3E0 /* BindingsView.swift in Sources */,
				3FAF70642AF3B9FE0033A7E5 /* InteractiveListItemView.swift in Sources */,
				3F0F6F9A2AFB862300B730C8 /* SpaceNewsPageAction.swift in Sources */,
				3F0273A32AEABE0400C24937 /* CounterAction.swift in Sources */,
				3F281AA12AE9901100C6417E /* FibonacciCounterAction.swift in Sources */,
				3F0F6F852AFB82B200B730C8 /* WebService.swift in Sources */,
				3F0F6FA32AFB868000B730C8 /* SpaceNewsListItemAction.swift in Sources */,
				3F6A1A272AED23B100CBC3E0 /* BindingsAction.swift in Sources */,
				3F281A862AE98F9600C6417E /* TasksTCAApp.swift in Sources */,
				3FAF705C2AF3B9C40033A7E5 /* InteractiveListView.swift in Sources */,
				3F0F6FA12AFB867A00B730C8 /* SpaceNewsListItemState.swift in Sources */,
				3F0F6F982AFB860600B730C8 /* SpaceNewsPageState.swift in Sources */,
				3FAF70662AF3BA0C0033A7E5 /* InteractiveListItemState.swift in Sources */,
				3FAF70622AF3B9E60033A7E5 /* InteractiveListReducer.swift in Sources */,
				3F0273A12AEABDE800C24937 /* CounterState.swift in Sources */,
				3F6A1A292AED23BE00CBC3E0 /* BindingsReducer.swift in Sources */,
				3FAF705E2AF3B9CD0033A7E5 /* InteractiveListState.swift in Sources */,
				3F0F6FA92AFB86BF00B730C8 /* SpaceNewsListState.swift in Sources */,
				3F281A9D2AE98FFF00C6417E /* FibonacciCounterState.swift in Sources */,
				3FC93EFE2AF01ECC0081F411 /* MainView.swift in Sources */,
				3FC93F022AF01EE30081F411 /* MainAction.swift in Sources */,
				3F0F6F9F2AFB866600B730C8 /* SpaceNewsListItemView.swift in Sources */,
				3F0273942AEAA60900C24937 /* DoubleCounterState.swift in Sources */,
				3F0F6F7E2AFB826800B730C8 /* ArticleService.swift in Sources */,
				3F0273A52AEABE0B00C24937 /* CounterReducer.swift in Sources */,
				3F281A9F2AE9900800C6417E /* FibonacciCounterReducer.swift in Sources */,
				3F0273962AEAA69400C24937 /* DoubleCounterAction.swift in Sources */,
				3F0273A72AEAC67F00C24937 /* DoubleCounterView.swift in Sources */,
				3F0273982AEAA70300C24937 /* DoubleCounterReducer.swift in Sources */,
				3F0F6F9C2AFB863500B730C8 /* SpaceNewsPageReducer.swift in Sources */,
				3F281A9B2AE98FF400C6417E /* FibonacciCounterView.swift in Sources */,
				3F0F6F832AFB829C00B730C8 /* Constants.swift in Sources */,
				3F0F6FA52AFB868500B730C8 /* SpaceNewsListItemReducer.swift in Sources */,
				3F6A1A252AED23A900CBC3E0 /* BindingsState.swift in Sources */,
				3F0F6F802AFB827900B730C8 /* ArticleServiceImplementation.swift in Sources */,
				3F0F6F962AFB85F600B730C8 /* SpaceNewsPageView.swift in Sources */,
				3FC93F042AF01EED0081F411 /* MainReducer.swift in Sources */,
				3F0F6FAB2AFB86C500B730C8 /* SpaceNewsListAction.swift in Sources */,
				3FC93F002AF01ED80081F411 /* MainState.swift in Sources */,
				3F0F6F882AFB82C900B730C8 /* ArticlePlainObject.swift in Sources */,
				3F0F6FAD2AFB86CB00B730C8 /* SpaceNewsListReducer.swift in Sources */,
				3FAF70602AF3B9DA0033A7E5 /* InteractiveListAction.swift in Sources */,
				3FAF706A2AF3BA210033A7E5 /* InteractiveListItemReducer.swift in Sources */,
				3F91AAD22AE99A2700342273 /* Color.swift in Sources */,
				3F02739F2AEABDDB00C24937 /* CounterView.swift in Sources */,
				3F0F6FA72AFB86B800B730C8 /* SpaceNewsListView.swift in Sources */,
				3FAF70682AF3BA160033A7E5 /* InteractiveListItemAction.swift in Sources */,
			);
			runOnlyForDeploymentPostprocessing = 0;
		};
/* End PBXSourcesBuildPhase section */

/* Begin XCBuildConfiguration section */
		3F281A8E2AE98F9700C6417E /* Debug */ = {
			isa = XCBuildConfiguration;
			buildSettings = {
				ALWAYS_SEARCH_USER_PATHS = NO;
				CLANG_ANALYZER_NONNULL = YES;
				CLANG_ANALYZER_NUMBER_OBJECT_CONVERSION = YES_AGGRESSIVE;
				CLANG_CXX_LANGUAGE_STANDARD = "gnu++20";
				CLANG_ENABLE_MODULES = YES;
				CLANG_ENABLE_OBJC_ARC = YES;
				CLANG_ENABLE_OBJC_WEAK = YES;
				CLANG_WARN_BLOCK_CAPTURE_AUTORELEASING = YES;
				CLANG_WARN_BOOL_CONVERSION = YES;
				CLANG_WARN_COMMA = YES;
				CLANG_WARN_CONSTANT_CONVERSION = YES;
				CLANG_WARN_DEPRECATED_OBJC_IMPLEMENTATIONS = YES;
				CLANG_WARN_DIRECT_OBJC_ISA_USAGE = YES_ERROR;
				CLANG_WARN_DOCUMENTATION_COMMENTS = YES;
				CLANG_WARN_EMPTY_BODY = YES;
				CLANG_WARN_ENUM_CONVERSION = YES;
				CLANG_WARN_INFINITE_RECURSION = YES;
				CLANG_WARN_INT_CONVERSION = YES;
				CLANG_WARN_NON_LITERAL_NULL_CONVERSION = YES;
				CLANG_WARN_OBJC_IMPLICIT_RETAIN_SELF = YES;
				CLANG_WARN_OBJC_LITERAL_CONVERSION = YES;
				CLANG_WARN_OBJC_ROOT_CLASS = YES_ERROR;
				CLANG_WARN_QUOTED_INCLUDE_IN_FRAMEWORK_HEADER = YES;
				CLANG_WARN_RANGE_LOOP_ANALYSIS = YES;
				CLANG_WARN_STRICT_PROTOTYPES = YES;
				CLANG_WARN_SUSPICIOUS_MOVE = YES;
				CLANG_WARN_UNGUARDED_AVAILABILITY = YES_AGGRESSIVE;
				CLANG_WARN_UNREACHABLE_CODE = YES;
				CLANG_WARN__DUPLICATE_METHOD_MATCH = YES;
				COPY_PHASE_STRIP = NO;
				DEBUG_INFORMATION_FORMAT = dwarf;
				ENABLE_STRICT_OBJC_MSGSEND = YES;
				ENABLE_TESTABILITY = YES;
				GCC_C_LANGUAGE_STANDARD = gnu11;
				GCC_DYNAMIC_NO_PIC = NO;
				GCC_NO_COMMON_BLOCKS = YES;
				GCC_OPTIMIZATION_LEVEL = 0;
				GCC_PREPROCESSOR_DEFINITIONS = (
					"DEBUG=1",
					"$(inherited)",
				);
				GCC_WARN_64_TO_32_BIT_CONVERSION = YES;
				GCC_WARN_ABOUT_RETURN_TYPE = YES_ERROR;
				GCC_WARN_UNDECLARED_SELECTOR = YES;
				GCC_WARN_UNINITIALIZED_AUTOS = YES_AGGRESSIVE;
				GCC_WARN_UNUSED_FUNCTION = YES;
				GCC_WARN_UNUSED_VARIABLE = YES;
				IPHONEOS_DEPLOYMENT_TARGET = 16.4;
				MTL_ENABLE_DEBUG_INFO = INCLUDE_SOURCE;
				MTL_FAST_MATH = YES;
				ONLY_ACTIVE_ARCH = YES;
				SDKROOT = iphoneos;
				SWIFT_ACTIVE_COMPILATION_CONDITIONS = DEBUG;
				SWIFT_OPTIMIZATION_LEVEL = "-Onone";
			};
			name = Debug;
		};
		3F281A8F2AE98F9700C6417E /* Release */ = {
			isa = XCBuildConfiguration;
			buildSettings = {
				ALWAYS_SEARCH_USER_PATHS = NO;
				CLANG_ANALYZER_NONNULL = YES;
				CLANG_ANALYZER_NUMBER_OBJECT_CONVERSION = YES_AGGRESSIVE;
				CLANG_CXX_LANGUAGE_STANDARD = "gnu++20";
				CLANG_ENABLE_MODULES = YES;
				CLANG_ENABLE_OBJC_ARC = YES;
				CLANG_ENABLE_OBJC_WEAK = YES;
				CLANG_WARN_BLOCK_CAPTURE_AUTORELEASING = YES;
				CLANG_WARN_BOOL_CONVERSION = YES;
				CLANG_WARN_COMMA = YES;
				CLANG_WARN_CONSTANT_CONVERSION = YES;
				CLANG_WARN_DEPRECATED_OBJC_IMPLEMENTATIONS = YES;
				CLANG_WARN_DIRECT_OBJC_ISA_USAGE = YES_ERROR;
				CLANG_WARN_DOCUMENTATION_COMMENTS = YES;
				CLANG_WARN_EMPTY_BODY = YES;
				CLANG_WARN_ENUM_CONVERSION = YES;
				CLANG_WARN_INFINITE_RECURSION = YES;
				CLANG_WARN_INT_CONVERSION = YES;
				CLANG_WARN_NON_LITERAL_NULL_CONVERSION = YES;
				CLANG_WARN_OBJC_IMPLICIT_RETAIN_SELF = YES;
				CLANG_WARN_OBJC_LITERAL_CONVERSION = YES;
				CLANG_WARN_OBJC_ROOT_CLASS = YES_ERROR;
				CLANG_WARN_QUOTED_INCLUDE_IN_FRAMEWORK_HEADER = YES;
				CLANG_WARN_RANGE_LOOP_ANALYSIS = YES;
				CLANG_WARN_STRICT_PROTOTYPES = YES;
				CLANG_WARN_SUSPICIOUS_MOVE = YES;
				CLANG_WARN_UNGUARDED_AVAILABILITY = YES_AGGRESSIVE;
				CLANG_WARN_UNREACHABLE_CODE = YES;
				CLANG_WARN__DUPLICATE_METHOD_MATCH = YES;
				COPY_PHASE_STRIP = NO;
				DEBUG_INFORMATION_FORMAT = "dwarf-with-dsym";
				ENABLE_NS_ASSERTIONS = NO;
				ENABLE_STRICT_OBJC_MSGSEND = YES;
				GCC_C_LANGUAGE_STANDARD = gnu11;
				GCC_NO_COMMON_BLOCKS = YES;
				GCC_WARN_64_TO_32_BIT_CONVERSION = YES;
				GCC_WARN_ABOUT_RETURN_TYPE = YES_ERROR;
				GCC_WARN_UNDECLARED_SELECTOR = YES;
				GCC_WARN_UNINITIALIZED_AUTOS = YES_AGGRESSIVE;
				GCC_WARN_UNUSED_FUNCTION = YES;
				GCC_WARN_UNUSED_VARIABLE = YES;
				IPHONEOS_DEPLOYMENT_TARGET = 16.4;
				MTL_ENABLE_DEBUG_INFO = NO;
				MTL_FAST_MATH = YES;
				SDKROOT = iphoneos;
				SWIFT_COMPILATION_MODE = wholemodule;
				SWIFT_OPTIMIZATION_LEVEL = "-O";
				VALIDATE_PRODUCT = YES;
			};
			name = Release;
		};
		3F281A912AE98F9700C6417E /* Debug */ = {
			isa = XCBuildConfiguration;
			buildSettings = {
				ASSETCATALOG_COMPILER_APPICON_NAME = AppIcon;
				ASSETCATALOG_COMPILER_GLOBAL_ACCENT_COLOR_NAME = AccentColor;
				CODE_SIGN_STYLE = Automatic;
				CURRENT_PROJECT_VERSION = 1;
				DEVELOPMENT_ASSET_PATHS = "\"TasksTCA/Resources/Preview Content\"";
				DEVELOPMENT_TEAM = CM326T4UBF;
				ENABLE_PREVIEWS = YES;
				GENERATE_INFOPLIST_FILE = YES;
				INFOPLIST_KEY_UIApplicationSceneManifest_Generation = YES;
				INFOPLIST_KEY_UIApplicationSupportsIndirectInputEvents = YES;
				INFOPLIST_KEY_UILaunchScreen_Generation = YES;
				INFOPLIST_KEY_UISupportedInterfaceOrientations_iPad = "UIInterfaceOrientationPortrait UIInterfaceOrientationPortraitUpsideDown UIInterfaceOrientationLandscapeLeft UIInterfaceOrientationLandscapeRight";
				INFOPLIST_KEY_UISupportedInterfaceOrientations_iPhone = "UIInterfaceOrientationPortrait UIInterfaceOrientationLandscapeLeft UIInterfaceOrientationLandscapeRight";
				IPHONEOS_DEPLOYMENT_TARGET = 15.0;
				LD_RUNPATH_SEARCH_PATHS = (
					"$(inherited)",
					"@executable_path/Frameworks",
				);
				MARKETING_VERSION = 1.0;
				PRODUCT_BUNDLE_IDENTIFIER = com.Denisenkoo.TasksTCA;
				PRODUCT_NAME = "$(TARGET_NAME)";
				SWIFT_EMIT_LOC_STRINGS = YES;
				SWIFT_VERSION = 5.0;
				TARGETED_DEVICE_FAMILY = "1,2";
			};
			name = Debug;
		};
		3F281A922AE98F9700C6417E /* Release */ = {
			isa = XCBuildConfiguration;
			buildSettings = {
				ASSETCATALOG_COMPILER_APPICON_NAME = AppIcon;
				ASSETCATALOG_COMPILER_GLOBAL_ACCENT_COLOR_NAME = AccentColor;
				CODE_SIGN_STYLE = Automatic;
				CURRENT_PROJECT_VERSION = 1;
				DEVELOPMENT_ASSET_PATHS = "\"TasksTCA/Resources/Preview Content\"";
				DEVELOPMENT_TEAM = CM326T4UBF;
				ENABLE_PREVIEWS = YES;
				GENERATE_INFOPLIST_FILE = YES;
				INFOPLIST_KEY_UIApplicationSceneManifest_Generation = YES;
				INFOPLIST_KEY_UIApplicationSupportsIndirectInputEvents = YES;
				INFOPLIST_KEY_UILaunchScreen_Generation = YES;
				INFOPLIST_KEY_UISupportedInterfaceOrientations_iPad = "UIInterfaceOrientationPortrait UIInterfaceOrientationPortraitUpsideDown UIInterfaceOrientationLandscapeLeft UIInterfaceOrientationLandscapeRight";
				INFOPLIST_KEY_UISupportedInterfaceOrientations_iPhone = "UIInterfaceOrientationPortrait UIInterfaceOrientationLandscapeLeft UIInterfaceOrientationLandscapeRight";
				IPHONEOS_DEPLOYMENT_TARGET = 15.0;
				LD_RUNPATH_SEARCH_PATHS = (
					"$(inherited)",
					"@executable_path/Frameworks",
				);
				MARKETING_VERSION = 1.0;
				PRODUCT_BUNDLE_IDENTIFIER = com.Denisenkoo.TasksTCA;
				PRODUCT_NAME = "$(TARGET_NAME)";
				SWIFT_EMIT_LOC_STRINGS = YES;
				SWIFT_VERSION = 5.0;
				TARGETED_DEVICE_FAMILY = "1,2";
			};
			name = Release;
		};
/* End XCBuildConfiguration section */

/* Begin XCConfigurationList section */
		3F281A7D2AE98F9600C6417E /* Build configuration list for PBXProject "TasksTCA" */ = {
			isa = XCConfigurationList;
			buildConfigurations = (
				3F281A8E2AE98F9700C6417E /* Debug */,
				3F281A8F2AE98F9700C6417E /* Release */,
			);
			defaultConfigurationIsVisible = 0;
			defaultConfigurationName = Release;
		};
		3F281A902AE98F9700C6417E /* Build configuration list for PBXNativeTarget "TasksTCA" */ = {
			isa = XCConfigurationList;
			buildConfigurations = (
				3F281A912AE98F9700C6417E /* Debug */,
				3F281A922AE98F9700C6417E /* Release */,
			);
			defaultConfigurationIsVisible = 0;
			defaultConfigurationName = Release;
		};
/* End XCConfigurationList section */

/* Begin XCRemoteSwiftPackageReference section */
		3F0F6F892AFB82EB00B730C8 /* XCRemoteSwiftPackageReference "Kingfisher" */ = {
			isa = XCRemoteSwiftPackageReference;
			repositoryURL = "https://github.com/onevcat/Kingfisher.git";
			requirement = {
				branch = master;
				kind = branch;
			};
		};
		3F0F6F8C2AFB831600B730C8 /* XCRemoteSwiftPackageReference "service-core" */ = {
			isa = XCRemoteSwiftPackageReference;
			repositoryURL = "https://github.com/Incetro/service-core.git";
			requirement = {
				branch = main;
				kind = branch;
			};
		};
		3F0F6F8F2AFB833100B730C8 /* XCRemoteSwiftPackageReference "http-transport" */ = {
			isa = XCRemoteSwiftPackageReference;
			repositoryURL = "https://github.com/Incetro/http-transport.git";
			requirement = {
				branch = main;
				kind = branch;
			};
		};
		3FC93EF92AF0194B0081F411 /* XCRemoteSwiftPackageReference "TCA" */ = {
			isa = XCRemoteSwiftPackageReference;
			repositoryURL = "https://github.com/Incetro/TCA.git";
			requirement = {
				branch = main;
				kind = branch;
			};
		};
/* End XCRemoteSwiftPackageReference section */

/* Begin XCSwiftPackageProductDependency section */
		3F0F6F8A2AFB82EB00B730C8 /* Kingfisher */ = {
			isa = XCSwiftPackageProductDependency;
			package = 3F0F6F892AFB82EB00B730C8 /* XCRemoteSwiftPackageReference "Kingfisher" */;
			productName = Kingfisher;
		};
		3F0F6F8D2AFB831600B730C8 /* ServiceCore */ = {
			isa = XCSwiftPackageProductDependency;
			package = 3F0F6F8C2AFB831600B730C8 /* XCRemoteSwiftPackageReference "service-core" */;
			productName = ServiceCore;
		};
		3F0F6F902AFB833100B730C8 /* HTTPTransport */ = {
			isa = XCSwiftPackageProductDependency;
			package = 3F0F6F8F2AFB833100B730C8 /* XCRemoteSwiftPackageReference "http-transport" */;
			productName = HTTPTransport;
		};
		3FC93EFA2AF0194B0081F411 /* ComposableArchitecture */ = {
			isa = XCSwiftPackageProductDependency;
			package = 3FC93EF92AF0194B0081F411 /* XCRemoteSwiftPackageReference "TCA" */;
			productName = ComposableArchitecture;
		};
/* End XCSwiftPackageProductDependency section */
	};
	rootObject = 3F281A7A2AE98F9600C6417E /* Project object */;
}
